// !$*UTF8*$!
{
	archiveVersion = 1;
	classes = {
	};
	objectVersion = 50;
	objects = {

/* Begin PBXBuildFile section */
		7828C104219A78100058A76D /* AppDelegate.m in Sources */ = {isa = PBXBuildFile; fileRef = 7828C103219A78100058A76D /* AppDelegate.m */; };
		7828C107219A78100058A76D /* ViewController.m in Sources */ = {isa = PBXBuildFile; fileRef = 7828C106219A78100058A76D /* ViewController.m */; };
		7828C10A219A78100058A76D /* Main.storyboard in Resources */ = {isa = PBXBuildFile; fileRef = 7828C108219A78100058A76D /* Main.storyboard */; };
		7828C10C219A78110058A76D /* Assets.xcassets in Resources */ = {isa = PBXBuildFile; fileRef = 7828C10B219A78110058A76D /* Assets.xcassets */; };
		7828C10F219A78110058A76D /* LaunchScreen.storyboard in Resources */ = {isa = PBXBuildFile; fileRef = 7828C10D219A78110058A76D /* LaunchScreen.storyboard */; };
		7828C112219A78110058A76D /* main.m in Sources */ = {isa = PBXBuildFile; fileRef = 7828C111219A78110058A76D /* main.m */; };
		7828C11A219AAB6C0058A76D /* EHISocketManager.m in Sources */ = {isa = PBXBuildFile; fileRef = 7828C119219AAB6C0058A76D /* EHISocketManager.m */; };
		7828C11D219ABB1B0058A76D /* EHISocketPacket.m in Sources */ = {isa = PBXBuildFile; fileRef = 7828C11C219ABB1B0058A76D /* EHISocketPacket.m */; };
		783B3C5621BBD87A0071BE0B /* EHINewCustomerSeerviceTools.m in Sources */ = {isa = PBXBuildFile; fileRef = 783B3C5521BBD87A0071BE0B /* EHINewCustomerSeerviceTools.m */; };
		783B3C5A21BBE3A10071BE0B /* EHIVoiceManager.m in Sources */ = {isa = PBXBuildFile; fileRef = 783B3C5921BBE3A10071BE0B /* EHIVoiceManager.m */; };
		7847E8D721AB959D006B947C /* EHIDBBaseDAO.m in Sources */ = {isa = PBXBuildFile; fileRef = 7847E8D621AB959D006B947C /* EHIDBBaseDAO.m */; };
		7847E8DA21AB9852006B947C /* EHIDBManager.m in Sources */ = {isa = PBXBuildFile; fileRef = 7847E8D921AB9851006B947C /* EHIDBManager.m */; };
		7847E8DE21AB9868006B947C /* EHIDBChatDAO.m in Sources */ = {isa = PBXBuildFile; fileRef = 7847E8DD21AB9868006B947C /* EHIDBChatDAO.m */; };
		7847E8E221AB986F006B947C /* EHIDBFrameDAO.m in Sources */ = {isa = PBXBuildFile; fileRef = 7847E8DF21AB986E006B947C /* EHIDBFrameDAO.m */; };
		7847E8E821AB9883006B947C /* NSFileManager+EHIChat.m in Sources */ = {isa = PBXBuildFile; fileRef = 7847E8E421AB9883006B947C /* NSFileManager+EHIChat.m */; };
		7847E8E921AB9883006B947C /* NSFileManager+Paths.m in Sources */ = {isa = PBXBuildFile; fileRef = 7847E8E721AB9883006B947C /* NSFileManager+Paths.m */; };
		7847E8EE21AB9E03006B947C /* EHIMessage.m in Sources */ = {isa = PBXBuildFile; fileRef = 7847E8EC21AB9E02006B947C /* EHIMessage.m */; };
		7847E8EF21AB9E03006B947C /* EHIMessageFrame.m in Sources */ = {isa = PBXBuildFile; fileRef = 7847E8ED21AB9E03006B947C /* EHIMessageFrame.m */; };
		7847E8F221ABBFE1006B947C /* EHIChatListModel.m in Sources */ = {isa = PBXBuildFile; fileRef = 7847E8F121ABBFE1006B947C /* EHIChatListModel.m */; };
		7847E8F521ABBFF4006B947C /* EHIContactModel.m in Sources */ = {isa = PBXBuildFile; fileRef = 7847E8F321ABBFF3006B947C /* EHIContactModel.m */; };
		7847E8F821ACD609006B947C /* EHISocketMessageFactory.m in Sources */ = {isa = PBXBuildFile; fileRef = 7847E8F721ACD609006B947C /* EHISocketMessageFactory.m */; };
		7847E8FE21AE2C0F006B947C /* EHINewCustomerServiceControllerViewController.m in Sources */ = {isa = PBXBuildFile; fileRef = 7847E8FD21AE2C0F006B947C /* EHINewCustomerServiceControllerViewController.m */; };
		784CCBBA21B50AC4009EF863 /* LabelTool.m in Sources */ = {isa = PBXBuildFile; fileRef = 784CCBB821B50AC4009EF863 /* LabelTool.m */; };
		784CCBBD21B7CF41009EF863 /* EHISocketStatusManager.m in Sources */ = {isa = PBXBuildFile; fileRef = 784CCBBC21B7CF41009EF863 /* EHISocketStatusManager.m */; };
		78617A9B21BA66200079B0D4 /* libopencore-amrnb.a in Frameworks */ = {isa = PBXBuildFile; fileRef = 78617A9921BA66200079B0D4 /* libopencore-amrnb.a */; };
		78617A9C21BA66200079B0D4 /* amr_wav_converter.c in Sources */ = {isa = PBXBuildFile; fileRef = 78617A9A21BA66200079B0D4 /* amr_wav_converter.c */; };
		787D09D5219BC65300F7B4B3 /* EHISocketDecoder.m in Sources */ = {isa = PBXBuildFile; fileRef = 787D09D4219BC65300F7B4B3 /* EHISocketDecoder.m */; };
		787D09D8219C011900F7B4B3 /* EHISocketMessage.m in Sources */ = {isa = PBXBuildFile; fileRef = 787D09D7219C011900F7B4B3 /* EHISocketMessage.m */; };
		78A5FA0C219B06A700802C1E /* EHIMessageConfig.m in Sources */ = {isa = PBXBuildFile; fileRef = 78A5FA0B219B06A700802C1E /* EHIMessageConfig.m */; };
		78A5FA0F219B107E00802C1E /* EHISocketEncoder.m in Sources */ = {isa = PBXBuildFile; fileRef = 78A5FA0E219B107E00802C1E /* EHISocketEncoder.m */; };
		78CE0F1421B128DD00A23C43 /* EHICustomerServiceCell.m in Sources */ = {isa = PBXBuildFile; fileRef = 78CE0F1321B128DD00A23C43 /* EHICustomerServiceCell.m */; };
		78CE0F1721B1290100A23C43 /* EHICustomerServiceModel.m in Sources */ = {isa = PBXBuildFile; fileRef = 78CE0F1621B1290100A23C43 /* EHICustomerServiceModel.m */; };
		78CE0F1A21B13A7000A23C43 /* EHICustomServiceBottomView.m in Sources */ = {isa = PBXBuildFile; fileRef = 78CE0F1921B13A7000A23C43 /* EHICustomServiceBottomView.m */; };
		F21C10540DAF5B49CAE86C55 /* libPods-J-IM-Demo.a in Frameworks */ = {isa = PBXBuildFile; fileRef = 3F903C651F2055B24DEB4CD1 /* libPods-J-IM-Demo.a */; };
/* End PBXBuildFile section */

/* Begin PBXFileReference section */
		164585361FA8676F5ADE23CA /* Pods-J-IM-Demo.release.xcconfig */ = {isa = PBXFileReference; includeInIndex = 1; lastKnownFileType = text.xcconfig; name = "Pods-J-IM-Demo.release.xcconfig"; path = "Target Support Files/Pods-J-IM-Demo/Pods-J-IM-Demo.release.xcconfig"; sourceTree = "<group>"; };
		29B4439847BF7BCB4A64E4F6 /* Pods-J-IM-Demo.debug.xcconfig */ = {isa = PBXFileReference; includeInIndex = 1; lastKnownFileType = text.xcconfig; name = "Pods-J-IM-Demo.debug.xcconfig"; path = "Target Support Files/Pods-J-IM-Demo/Pods-J-IM-Demo.debug.xcconfig"; sourceTree = "<group>"; };
		3F903C651F2055B24DEB4CD1 /* libPods-J-IM-Demo.a */ = {isa = PBXFileReference; explicitFileType = archive.ar; includeInIndex = 0; path = "libPods-J-IM-Demo.a"; sourceTree = BUILT_PRODUCTS_DIR; };
		7828C0FF219A78100058A76D /* J-IM-Demo.app */ = {isa = PBXFileReference; explicitFileType = wrapper.application; includeInIndex = 0; path = "J-IM-Demo.app"; sourceTree = BUILT_PRODUCTS_DIR; };
		7828C102219A78100058A76D /* AppDelegate.h */ = {isa = PBXFileReference; lastKnownFileType = sourcecode.c.h; path = AppDelegate.h; sourceTree = "<group>"; };
		7828C103219A78100058A76D /* AppDelegate.m */ = {isa = PBXFileReference; lastKnownFileType = sourcecode.c.objc; path = AppDelegate.m; sourceTree = "<group>"; };
		7828C105219A78100058A76D /* ViewController.h */ = {isa = PBXFileReference; lastKnownFileType = sourcecode.c.h; path = ViewController.h; sourceTree = "<group>"; };
		7828C106219A78100058A76D /* ViewController.m */ = {isa = PBXFileReference; lastKnownFileType = sourcecode.c.objc; path = ViewController.m; sourceTree = "<group>"; };
		7828C109219A78100058A76D /* Base */ = {isa = PBXFileReference; lastKnownFileType = file.storyboard; name = Base; path = Base.lproj/Main.storyboard; sourceTree = "<group>"; };
		7828C10B219A78110058A76D /* Assets.xcassets */ = {isa = PBXFileReference; lastKnownFileType = folder.assetcatalog; path = Assets.xcassets; sourceTree = "<group>"; };
		7828C10E219A78110058A76D /* Base */ = {isa = PBXFileReference; lastKnownFileType = file.storyboard; name = Base; path = Base.lproj/LaunchScreen.storyboard; sourceTree = "<group>"; };
		7828C110219A78110058A76D /* Info.plist */ = {isa = PBXFileReference; lastKnownFileType = text.plist.xml; path = Info.plist; sourceTree = "<group>"; };
		7828C111219A78110058A76D /* main.m */ = {isa = PBXFileReference; lastKnownFileType = sourcecode.c.objc; path = main.m; sourceTree = "<group>"; };
		7828C118219AAB6C0058A76D /* EHISocketManager.h */ = {isa = PBXFileReference; lastKnownFileType = sourcecode.c.h; path = EHISocketManager.h; sourceTree = "<group>"; };
		7828C119219AAB6C0058A76D /* EHISocketManager.m */ = {isa = PBXFileReference; lastKnownFileType = sourcecode.c.objc; path = EHISocketManager.m; sourceTree = "<group>"; };
		7828C11B219ABB1B0058A76D /* EHISocketPacket.h */ = {isa = PBXFileReference; lastKnownFileType = sourcecode.c.h; path = EHISocketPacket.h; sourceTree = "<group>"; };
		7828C11C219ABB1B0058A76D /* EHISocketPacket.m */ = {isa = PBXFileReference; lastKnownFileType = sourcecode.c.objc; path = EHISocketPacket.m; sourceTree = "<group>"; };
		7828C11E219ACEE80058A76D /* EHISocketMessageCommand.h */ = {isa = PBXFileReference; lastKnownFileType = sourcecode.c.h; path = EHISocketMessageCommand.h; sourceTree = "<group>"; };
		783B3C5421BBD87A0071BE0B /* EHINewCustomerSeerviceTools.h */ = {isa = PBXFileReference; lastKnownFileType = sourcecode.c.h; path = EHINewCustomerSeerviceTools.h; sourceTree = "<group>"; };
		783B3C5521BBD87A0071BE0B /* EHINewCustomerSeerviceTools.m */ = {isa = PBXFileReference; lastKnownFileType = sourcecode.c.objc; path = EHINewCustomerSeerviceTools.m; sourceTree = "<group>"; };
		783B3C5821BBE3A10071BE0B /* EHIVoiceManager.h */ = {isa = PBXFileReference; lastKnownFileType = sourcecode.c.h; path = EHIVoiceManager.h; sourceTree = "<group>"; };
		783B3C5921BBE3A10071BE0B /* EHIVoiceManager.m */ = {isa = PBXFileReference; lastKnownFileType = sourcecode.c.objc; path = EHIVoiceManager.m; sourceTree = "<group>"; };
		7847E8D521AB959D006B947C /* EHIDBBaseDAO.h */ = {isa = PBXFileReference; fileEncoding = 4; lastKnownFileType = sourcecode.c.h; path = EHIDBBaseDAO.h; sourceTree = "<group>"; };
		7847E8D621AB959D006B947C /* EHIDBBaseDAO.m */ = {isa = PBXFileReference; fileEncoding = 4; lastKnownFileType = sourcecode.c.objc; path = EHIDBBaseDAO.m; sourceTree = "<group>"; };
		7847E8D821AB9851006B947C /* EHIDBManager.h */ = {isa = PBXFileReference; fileEncoding = 4; lastKnownFileType = sourcecode.c.h; path = EHIDBManager.h; sourceTree = "<group>"; };
		7847E8D921AB9851006B947C /* EHIDBManager.m */ = {isa = PBXFileReference; fileEncoding = 4; lastKnownFileType = sourcecode.c.objc; path = EHIDBManager.m; sourceTree = "<group>"; };
		7847E8DB21AB9868006B947C /* EHIDBChatDAO.h */ = {isa = PBXFileReference; fileEncoding = 4; lastKnownFileType = sourcecode.c.h; path = EHIDBChatDAO.h; sourceTree = "<group>"; };
		7847E8DC21AB9868006B947C /* EHIChatSQL.h */ = {isa = PBXFileReference; fileEncoding = 4; lastKnownFileType = sourcecode.c.h; path = EHIChatSQL.h; sourceTree = "<group>"; };
		7847E8DD21AB9868006B947C /* EHIDBChatDAO.m */ = {isa = PBXFileReference; fileEncoding = 4; lastKnownFileType = sourcecode.c.objc; path = EHIDBChatDAO.m; sourceTree = "<group>"; };
		7847E8DF21AB986E006B947C /* EHIDBFrameDAO.m */ = {isa = PBXFileReference; fileEncoding = 4; lastKnownFileType = sourcecode.c.objc; path = EHIDBFrameDAO.m; sourceTree = "<group>"; };
		7847E8E021AB986E006B947C /* EHIFrameSQL.h */ = {isa = PBXFileReference; fileEncoding = 4; lastKnownFileType = sourcecode.c.h; path = EHIFrameSQL.h; sourceTree = "<group>"; };
		7847E8E121AB986F006B947C /* EHIDBFrameDAO.h */ = {isa = PBXFileReference; fileEncoding = 4; lastKnownFileType = sourcecode.c.h; path = EHIDBFrameDAO.h; sourceTree = "<group>"; };
		7847E8E421AB9883006B947C /* NSFileManager+EHIChat.m */ = {isa = PBXFileReference; fileEncoding = 4; lastKnownFileType = sourcecode.c.objc; path = "NSFileManager+EHIChat.m"; sourceTree = "<group>"; };
		7847E8E521AB9883006B947C /* NSFileManager+Paths.h */ = {isa = PBXFileReference; fileEncoding = 4; lastKnownFileType = sourcecode.c.h; path = "NSFileManager+Paths.h"; sourceTree = "<group>"; };
		7847E8E621AB9883006B947C /* NSFileManager+EHIChat.h */ = {isa = PBXFileReference; fileEncoding = 4; lastKnownFileType = sourcecode.c.h; path = "NSFileManager+EHIChat.h"; sourceTree = "<group>"; };
		7847E8E721AB9883006B947C /* NSFileManager+Paths.m */ = {isa = PBXFileReference; fileEncoding = 4; lastKnownFileType = sourcecode.c.objc; path = "NSFileManager+Paths.m"; sourceTree = "<group>"; };
		7847E8EA21AB9E02006B947C /* EHIMessage.h */ = {isa = PBXFileReference; fileEncoding = 4; lastKnownFileType = sourcecode.c.h; path = EHIMessage.h; sourceTree = "<group>"; };
		7847E8EB21AB9E02006B947C /* EHIMessageFrame.h */ = {isa = PBXFileReference; fileEncoding = 4; lastKnownFileType = sourcecode.c.h; path = EHIMessageFrame.h; sourceTree = "<group>"; };
		7847E8EC21AB9E02006B947C /* EHIMessage.m */ = {isa = PBXFileReference; fileEncoding = 4; lastKnownFileType = sourcecode.c.objc; path = EHIMessage.m; sourceTree = "<group>"; };
		7847E8ED21AB9E03006B947C /* EHIMessageFrame.m */ = {isa = PBXFileReference; fileEncoding = 4; lastKnownFileType = sourcecode.c.objc; path = EHIMessageFrame.m; sourceTree = "<group>"; };
		7847E8F021ABBFE1006B947C /* EHIChatListModel.h */ = {isa = PBXFileReference; fileEncoding = 4; lastKnownFileType = sourcecode.c.h; path = EHIChatListModel.h; sourceTree = "<group>"; };
		7847E8F121ABBFE1006B947C /* EHIChatListModel.m */ = {isa = PBXFileReference; fileEncoding = 4; lastKnownFileType = sourcecode.c.objc; path = EHIChatListModel.m; sourceTree = "<group>"; };
		7847E8F321ABBFF3006B947C /* EHIContactModel.m */ = {isa = PBXFileReference; fileEncoding = 4; lastKnownFileType = sourcecode.c.objc; path = EHIContactModel.m; sourceTree = "<group>"; };
		7847E8F421ABBFF4006B947C /* EHIContactModel.h */ = {isa = PBXFileReference; fileEncoding = 4; lastKnownFileType = sourcecode.c.h; path = EHIContactModel.h; sourceTree = "<group>"; };
		7847E8F621ACD609006B947C /* EHISocketMessageFactory.h */ = {isa = PBXFileReference; lastKnownFileType = sourcecode.c.h; path = EHISocketMessageFactory.h; sourceTree = "<group>"; };
		7847E8F721ACD609006B947C /* EHISocketMessageFactory.m */ = {isa = PBXFileReference; lastKnownFileType = sourcecode.c.objc; path = EHISocketMessageFactory.m; sourceTree = "<group>"; };
		7847E8FC21AE2C0F006B947C /* EHINewCustomerServiceControllerViewController.h */ = {isa = PBXFileReference; lastKnownFileType = sourcecode.c.h; path = EHINewCustomerServiceControllerViewController.h; sourceTree = "<group>"; };
		7847E8FD21AE2C0F006B947C /* EHINewCustomerServiceControllerViewController.m */ = {isa = PBXFileReference; lastKnownFileType = sourcecode.c.objc; path = EHINewCustomerServiceControllerViewController.m; sourceTree = "<group>"; };
		784CCBB821B50AC4009EF863 /* LabelTool.m */ = {isa = PBXFileReference; fileEncoding = 4; lastKnownFileType = sourcecode.c.objc; path = LabelTool.m; sourceTree = "<group>"; };
		784CCBB921B50AC4009EF863 /* LabelTool.h */ = {isa = PBXFileReference; fileEncoding = 4; lastKnownFileType = sourcecode.c.h; path = LabelTool.h; sourceTree = "<group>"; };
		784CCBBB21B7CF41009EF863 /* EHISocketStatusManager.h */ = {isa = PBXFileReference; lastKnownFileType = sourcecode.c.h; path = EHISocketStatusManager.h; sourceTree = "<group>"; };
		784CCBBC21B7CF41009EF863 /* EHISocketStatusManager.m */ = {isa = PBXFileReference; lastKnownFileType = sourcecode.c.objc; path = EHISocketStatusManager.m; sourceTree = "<group>"; };
		78617A9821BA66200079B0D4 /* amr_wav_converter.h */ = {isa = PBXFileReference; fileEncoding = 4; lastKnownFileType = sourcecode.c.h; path = amr_wav_converter.h; sourceTree = "<group>"; };
		78617A9921BA66200079B0D4 /* libopencore-amrnb.a */ = {isa = PBXFileReference; lastKnownFileType = archive.ar; path = "libopencore-amrnb.a"; sourceTree = "<group>"; };
		78617A9A21BA66200079B0D4 /* amr_wav_converter.c */ = {isa = PBXFileReference; explicitFileType = sourcecode.c.objc; fileEncoding = 4; path = amr_wav_converter.c; sourceTree = "<group>"; };
		787D09D3219BC65300F7B4B3 /* EHISocketDecoder.h */ = {isa = PBXFileReference; lastKnownFileType = sourcecode.c.h; path = EHISocketDecoder.h; sourceTree = "<group>"; };
		787D09D4219BC65300F7B4B3 /* EHISocketDecoder.m */ = {isa = PBXFileReference; lastKnownFileType = sourcecode.c.objc; path = EHISocketDecoder.m; sourceTree = "<group>"; };
		787D09D6219C011900F7B4B3 /* EHISocketMessage.h */ = {isa = PBXFileReference; lastKnownFileType = sourcecode.c.h; path = EHISocketMessage.h; sourceTree = "<group>"; };
		787D09D7219C011900F7B4B3 /* EHISocketMessage.m */ = {isa = PBXFileReference; lastKnownFileType = sourcecode.c.objc; path = EHISocketMessage.m; sourceTree = "<group>"; };
		78A5FA0A219B06A700802C1E /* EHIMessageConfig.h */ = {isa = PBXFileReference; lastKnownFileType = sourcecode.c.h; path = EHIMessageConfig.h; sourceTree = "<group>"; };
		78A5FA0B219B06A700802C1E /* EHIMessageConfig.m */ = {isa = PBXFileReference; lastKnownFileType = sourcecode.c.objc; path = EHIMessageConfig.m; sourceTree = "<group>"; };
		78A5FA0D219B107E00802C1E /* EHISocketEncoder.h */ = {isa = PBXFileReference; lastKnownFileType = sourcecode.c.h; path = EHISocketEncoder.h; sourceTree = "<group>"; };
		78A5FA0E219B107E00802C1E /* EHISocketEncoder.m */ = {isa = PBXFileReference; lastKnownFileType = sourcecode.c.objc; path = EHISocketEncoder.m; sourceTree = "<group>"; };
		78CE0F1221B128DD00A23C43 /* EHICustomerServiceCell.h */ = {isa = PBXFileReference; lastKnownFileType = sourcecode.c.h; path = EHICustomerServiceCell.h; sourceTree = "<group>"; };
		78CE0F1321B128DD00A23C43 /* EHICustomerServiceCell.m */ = {isa = PBXFileReference; lastKnownFileType = sourcecode.c.objc; path = EHICustomerServiceCell.m; sourceTree = "<group>"; };
		78CE0F1521B1290100A23C43 /* EHICustomerServiceModel.h */ = {isa = PBXFileReference; lastKnownFileType = sourcecode.c.h; path = EHICustomerServiceModel.h; sourceTree = "<group>"; };
		78CE0F1621B1290100A23C43 /* EHICustomerServiceModel.m */ = {isa = PBXFileReference; lastKnownFileType = sourcecode.c.objc; path = EHICustomerServiceModel.m; sourceTree = "<group>"; };
		78CE0F1821B13A7000A23C43 /* EHICustomServiceBottomView.h */ = {isa = PBXFileReference; lastKnownFileType = sourcecode.c.h; path = EHICustomServiceBottomView.h; sourceTree = "<group>"; };
		78CE0F1921B13A7000A23C43 /* EHICustomServiceBottomView.m */ = {isa = PBXFileReference; lastKnownFileType = sourcecode.c.objc; path = EHICustomServiceBottomView.m; sourceTree = "<group>"; };
/* End PBXFileReference section */

/* Begin PBXFrameworksBuildPhase section */
		7828C0FC219A78100058A76D /* Frameworks */ = {
			isa = PBXFrameworksBuildPhase;
			buildActionMask = 2147483647;
			files = (
				F21C10540DAF5B49CAE86C55 /* libPods-J-IM-Demo.a in Frameworks */,
				78617A9B21BA66200079B0D4 /* libopencore-amrnb.a in Frameworks */,
			);
			runOnlyForDeploymentPostprocessing = 0;
		};
/* End PBXFrameworksBuildPhase section */

/* Begin PBXGroup section */
		7828C0F6219A78100058A76D = {
			isa = PBXGroup;
			children = (
				7828C101219A78100058A76D /* J-IM-Demo */,
				7828C100219A78100058A76D /* Products */,
				9A21D12450071B36A9C2E3AC /* Pods */,
				F63E8A2A143F7515B8F123FC /* Frameworks */,
			);
			sourceTree = "<group>";
		};
		7828C100219A78100058A76D /* Products */ = {
			isa = PBXGroup;
			children = (
				7828C0FF219A78100058A76D /* J-IM-Demo.app */,
			);
			name = Products;
			sourceTree = "<group>";
		};
		7828C101219A78100058A76D /* J-IM-Demo */ = {
			isa = PBXGroup;
			children = (
				784CCBBE21B9FFA4009EF863 /* Tools */,
				7847E8F921AE2985006B947C /* Controllers */,
				7847E8FB21AE2996006B947C /* Models */,
				7847E8FA21AE298F006B947C /* Views */,
				7847E8D421AB92EB006B947C /* Database */,
				7847E8D321AB92DE006B947C /* Socket */,
				783B3C5721BBE3780071BE0B /* VoiceManager */,
				7828C102219A78100058A76D /* AppDelegate.h */,
				7828C103219A78100058A76D /* AppDelegate.m */,
				784CCBB921B50AC4009EF863 /* LabelTool.h */,
				784CCBB821B50AC4009EF863 /* LabelTool.m */,
				7828C105219A78100058A76D /* ViewController.h */,
				7828C106219A78100058A76D /* ViewController.m */,
				7828C108219A78100058A76D /* Main.storyboard */,
				7828C10B219A78110058A76D /* Assets.xcassets */,
				7828C10D219A78110058A76D /* LaunchScreen.storyboard */,
				7828C110219A78110058A76D /* Info.plist */,
				7828C111219A78110058A76D /* main.m */,
			);
			path = "J-IM-Demo";
			sourceTree = "<group>";
		};
		783B3C5721BBE3780071BE0B /* VoiceManager */ = {
			isa = PBXGroup;
			children = (
				783B3C5821BBE3A10071BE0B /* EHIVoiceManager.h */,
				783B3C5921BBE3A10071BE0B /* EHIVoiceManager.m */,
			);
			path = VoiceManager;
			sourceTree = "<group>";
		};
		7847E8D321AB92DE006B947C /* Socket */ = {
			isa = PBXGroup;
			children = (
				78A5FA0A219B06A700802C1E /* EHIMessageConfig.h */,
				78A5FA0B219B06A700802C1E /* EHIMessageConfig.m */,
				784CCBBB21B7CF41009EF863 /* EHISocketStatusManager.h */,
				784CCBBC21B7CF41009EF863 /* EHISocketStatusManager.m */,
				7828C118219AAB6C0058A76D /* EHISocketManager.h */,
				7828C119219AAB6C0058A76D /* EHISocketManager.m */,
				78A5FA0D219B107E00802C1E /* EHISocketEncoder.h */,
				78A5FA0E219B107E00802C1E /* EHISocketEncoder.m */,
				787D09D3219BC65300F7B4B3 /* EHISocketDecoder.h */,
				787D09D4219BC65300F7B4B3 /* EHISocketDecoder.m */,
				7828C11B219ABB1B0058A76D /* EHISocketPacket.h */,
				7828C11C219ABB1B0058A76D /* EHISocketPacket.m */,
				787D09D6219C011900F7B4B3 /* EHISocketMessage.h */,
				787D09D7219C011900F7B4B3 /* EHISocketMessage.m */,
				7828C11E219ACEE80058A76D /* EHISocketMessageCommand.h */,
				7847E8F621ACD609006B947C /* EHISocketMessageFactory.h */,
				7847E8F721ACD609006B947C /* EHISocketMessageFactory.m */,
			);
			path = Socket;
			sourceTree = "<group>";
		};
		7847E8D421AB92EB006B947C /* Database */ = {
			isa = PBXGroup;
			children = (
				7847E8E321AB9883006B947C /* NSFileManager */,
				7847E8E121AB986F006B947C /* EHIDBFrameDAO.h */,
				7847E8DF21AB986E006B947C /* EHIDBFrameDAO.m */,
				7847E8E021AB986E006B947C /* EHIFrameSQL.h */,
				7847E8DC21AB9868006B947C /* EHIChatSQL.h */,
				7847E8DB21AB9868006B947C /* EHIDBChatDAO.h */,
				7847E8DD21AB9868006B947C /* EHIDBChatDAO.m */,
				7847E8D521AB959D006B947C /* EHIDBBaseDAO.h */,
				7847E8D621AB959D006B947C /* EHIDBBaseDAO.m */,
				7847E8D821AB9851006B947C /* EHIDBManager.h */,
				7847E8D921AB9851006B947C /* EHIDBManager.m */,
				7847E8F421ABBFF4006B947C /* EHIContactModel.h */,
				7847E8F321ABBFF3006B947C /* EHIContactModel.m */,
				7847E8EA21AB9E02006B947C /* EHIMessage.h */,
				7847E8EC21AB9E02006B947C /* EHIMessage.m */,
				7847E8EB21AB9E02006B947C /* EHIMessageFrame.h */,
				7847E8ED21AB9E03006B947C /* EHIMessageFrame.m */,
			);
			path = Database;
			sourceTree = "<group>";
		};
		7847E8E321AB9883006B947C /* NSFileManager */ = {
			isa = PBXGroup;
			children = (
				7847E8E721AB9883006B947C /* NSFileManager+Paths.m */,
				7847E8E421AB9883006B947C /* NSFileManager+EHIChat.m */,
				7847E8E521AB9883006B947C /* NSFileManager+Paths.h */,
				7847E8E621AB9883006B947C /* NSFileManager+EHIChat.h */,
			);
			path = NSFileManager;
			sourceTree = "<group>";
		};
		7847E8F921AE2985006B947C /* Controllers */ = {
			isa = PBXGroup;
			children = (
				7847E8FC21AE2C0F006B947C /* EHINewCustomerServiceControllerViewController.h */,
				7847E8FD21AE2C0F006B947C /* EHINewCustomerServiceControllerViewController.m */,
			);
			path = Controllers;
			sourceTree = "<group>";
		};
		7847E8FA21AE298F006B947C /* Views */ = {
			isa = PBXGroup;
			children = (
				78CE0F1221B128DD00A23C43 /* EHICustomerServiceCell.h */,
				78CE0F1321B128DD00A23C43 /* EHICustomerServiceCell.m */,
				78CE0F1821B13A7000A23C43 /* EHICustomServiceBottomView.h */,
				78CE0F1921B13A7000A23C43 /* EHICustomServiceBottomView.m */,
			);
			path = Views;
			sourceTree = "<group>";
		};
		7847E8FB21AE2996006B947C /* Models */ = {
			isa = PBXGroup;
			children = (
				7847E8F021ABBFE1006B947C /* EHIChatListModel.h */,
				7847E8F121ABBFE1006B947C /* EHIChatListModel.m */,
				78CE0F1521B1290100A23C43 /* EHICustomerServiceModel.h */,
				78CE0F1621B1290100A23C43 /* EHICustomerServiceModel.m */,
			);
			path = Models;
			sourceTree = "<group>";
		};
		784CCBBE21B9FFA4009EF863 /* Tools */ = {
			isa = PBXGroup;
			children = (
				78617A9721BA66200079B0D4 /* WAV2AMR */,
				783B3C5421BBD87A0071BE0B /* EHINewCustomerSeerviceTools.h */,
				783B3C5521BBD87A0071BE0B /* EHINewCustomerSeerviceTools.m */,
			);
			path = Tools;
			sourceTree = "<group>";
		};
		78617A9721BA66200079B0D4 /* WAV2AMR */ = {
			isa = PBXGroup;
			children = (
				78617A9821BA66200079B0D4 /* amr_wav_converter.h */,
				78617A9921BA66200079B0D4 /* libopencore-amrnb.a */,
				78617A9A21BA66200079B0D4 /* amr_wav_converter.c */,
			);
			path = WAV2AMR;
			sourceTree = "<group>";
		};
		9A21D12450071B36A9C2E3AC /* Pods */ = {
			isa = PBXGroup;
			children = (
				29B4439847BF7BCB4A64E4F6 /* Pods-J-IM-Demo.debug.xcconfig */,
				164585361FA8676F5ADE23CA /* Pods-J-IM-Demo.release.xcconfig */,
			);
			path = Pods;
			sourceTree = "<group>";
		};
		F63E8A2A143F7515B8F123FC /* Frameworks */ = {
			isa = PBXGroup;
			children = (
				3F903C651F2055B24DEB4CD1 /* libPods-J-IM-Demo.a */,
			);
			name = Frameworks;
			sourceTree = "<group>";
		};
/* End PBXGroup section */

/* Begin PBXNativeTarget section */
		7828C0FE219A78100058A76D /* J-IM-Demo */ = {
			isa = PBXNativeTarget;
			buildConfigurationList = 7828C115219A78110058A76D /* Build configuration list for PBXNativeTarget "J-IM-Demo" */;
			buildPhases = (
				CCED02C90CE74CA399A31193 /* [CP] Check Pods Manifest.lock */,
				7828C0FB219A78100058A76D /* Sources */,
				7828C0FC219A78100058A76D /* Frameworks */,
				7828C0FD219A78100058A76D /* Resources */,
				49BF64B96BF2E2EF8F1AAF4A /* [CP] Copy Pods Resources */,
			);
			buildRules = (
			);
			dependencies = (
			);
			name = "J-IM-Demo";
			productName = "J-IM-Demo";
			productReference = 7828C0FF219A78100058A76D /* J-IM-Demo.app */;
			productType = "com.apple.product-type.application";
		};
/* End PBXNativeTarget section */

/* Begin PBXProject section */
		7828C0F7219A78100058A76D /* Project object */ = {
			isa = PBXProject;
			attributes = {
				LastUpgradeCheck = 0940;
				ORGANIZATIONNAME = yogurts;
				TargetAttributes = {
					7828C0FE219A78100058A76D = {
						CreatedOnToolsVersion = 9.4.1;
					};
				};
			};
			buildConfigurationList = 7828C0FA219A78100058A76D /* Build configuration list for PBXProject "J-IM-Demo" */;
			compatibilityVersion = "Xcode 9.3";
			developmentRegion = en;
			hasScannedForEncodings = 0;
			knownRegions = (
				en,
				Base,
			);
			mainGroup = 7828C0F6219A78100058A76D;
			productRefGroup = 7828C100219A78100058A76D /* Products */;
			projectDirPath = "";
			projectRoot = "";
			targets = (
				7828C0FE219A78100058A76D /* J-IM-Demo */,
			);
		};
/* End PBXProject section */

/* Begin PBXResourcesBuildPhase section */
		7828C0FD219A78100058A76D /* Resources */ = {
			isa = PBXResourcesBuildPhase;
			buildActionMask = 2147483647;
			files = (
				7828C10F219A78110058A76D /* LaunchScreen.storyboard in Resources */,
				7828C10C219A78110058A76D /* Assets.xcassets in Resources */,
				7828C10A219A78100058A76D /* Main.storyboard in Resources */,
			);
			runOnlyForDeploymentPostprocessing = 0;
		};
/* End PBXResourcesBuildPhase section */

/* Begin PBXShellScriptBuildPhase section */
		49BF64B96BF2E2EF8F1AAF4A /* [CP] Copy Pods Resources */ = {
			isa = PBXShellScriptBuildPhase;
			buildActionMask = 2147483647;
			files = (
			);
			inputFileListPaths = (
			);
			inputPaths = (
				"${PODS_ROOT}/Target Support Files/Pods-J-IM-Demo/Pods-J-IM-Demo-resources.sh",
				"${PODS_ROOT}/IQKeyboardManager/IQKeyboardManager/Resources/IQKeyboardManager.bundle",
			);
			name = "[CP] Copy Pods Resources";
			outputFileListPaths = (
			);
			outputPaths = (
				"${TARGET_BUILD_DIR}/${UNLOCALIZED_RESOURCES_FOLDER_PATH}/IQKeyboardManager.bundle",
			);
			runOnlyForDeploymentPostprocessing = 0;
			shellPath = /bin/sh;
			shellScript = "\"${PODS_ROOT}/Target Support Files/Pods-J-IM-Demo/Pods-J-IM-Demo-resources.sh\"\n";
			showEnvVarsInLog = 0;
		};
		CCED02C90CE74CA399A31193 /* [CP] Check Pods Manifest.lock */ = {
			isa = PBXShellScriptBuildPhase;
			buildActionMask = 2147483647;
			files = (
			);
			inputPaths = (
				"${PODS_PODFILE_DIR_PATH}/Podfile.lock",
				"${PODS_ROOT}/Manifest.lock",
			);
			name = "[CP] Check Pods Manifest.lock";
			outputPaths = (
				"$(DERIVED_FILE_DIR)/Pods-J-IM-Demo-checkManifestLockResult.txt",
			);
			runOnlyForDeploymentPostprocessing = 0;
			shellPath = /bin/sh;
			shellScript = "diff \"${PODS_PODFILE_DIR_PATH}/Podfile.lock\" \"${PODS_ROOT}/Manifest.lock\" > /dev/null\nif [ $? != 0 ] ; then\n    # print error to STDERR\n    echo \"error: The sandbox is not in sync with the Podfile.lock. Run 'pod install' or update your CocoaPods installation.\" >&2\n    exit 1\nfi\n# This output is used by Xcode 'outputs' to avoid re-running this script phase.\necho \"SUCCESS\" > \"${SCRIPT_OUTPUT_FILE_0}\"\n";
			showEnvVarsInLog = 0;
		};
/* End PBXShellScriptBuildPhase section */

/* Begin PBXSourcesBuildPhase section */
		7828C0FB219A78100058A76D /* Sources */ = {
			isa = PBXSourcesBuildPhase;
			buildActionMask = 2147483647;
			files = (
				78A5FA0C219B06A700802C1E /* EHIMessageConfig.m in Sources */,
				783B3C5A21BBE3A10071BE0B /* EHIVoiceManager.m in Sources */,
				7847E8DE21AB9868006B947C /* EHIDBChatDAO.m in Sources */,
				78CE0F1721B1290100A23C43 /* EHICustomerServiceModel.m in Sources */,
				783B3C5621BBD87A0071BE0B /* EHINewCustomerSeerviceTools.m in Sources */,
				7847E8F821ACD609006B947C /* EHISocketMessageFactory.m in Sources */,
				7847E8EE21AB9E03006B947C /* EHIMessage.m in Sources */,
				784CCBBD21B7CF41009EF863 /* EHISocketStatusManager.m in Sources */,
				7847E8E921AB9883006B947C /* NSFileManager+Paths.m in Sources */,
				7828C11A219AAB6C0058A76D /* EHISocketManager.m in Sources */,
				78CE0F1421B128DD00A23C43 /* EHICustomerServiceCell.m in Sources */,
				7847E8F521ABBFF4006B947C /* EHIContactModel.m in Sources */,
				787D09D5219BC65300F7B4B3 /* EHISocketDecoder.m in Sources */,
				7847E8E221AB986F006B947C /* EHIDBFrameDAO.m in Sources */,
				787D09D8219C011900F7B4B3 /* EHISocketMessage.m in Sources */,
				7847E8F221ABBFE1006B947C /* EHIChatListModel.m in Sources */,
				7847E8DA21AB9852006B947C /* EHIDBManager.m in Sources */,
				7847E8EF21AB9E03006B947C /* EHIMessageFrame.m in Sources */,
				7828C107219A78100058A76D /* ViewController.m in Sources */,
				78A5FA0F219B107E00802C1E /* EHISocketEncoder.m in Sources */,
				784CCBBA21B50AC4009EF863 /* LabelTool.m in Sources */,
				7847E8E821AB9883006B947C /* NSFileManager+EHIChat.m in Sources */,
				78617A9C21BA66200079B0D4 /* amr_wav_converter.c in Sources */,
				7847E8D721AB959D006B947C /* EHIDBBaseDAO.m in Sources */,
				7828C112219A78110058A76D /* main.m in Sources */,
				7828C104219A78100058A76D /* AppDelegate.m in Sources */,
				78CE0F1A21B13A7000A23C43 /* EHICustomServiceBottomView.m in Sources */,
				7847E8FE21AE2C0F006B947C /* EHINewCustomerServiceControllerViewController.m in Sources */,
				7828C11D219ABB1B0058A76D /* EHISocketPacket.m in Sources */,
			);
			runOnlyForDeploymentPostprocessing = 0;
		};
/* End PBXSourcesBuildPhase section */

/* Begin PBXVariantGroup section */
		7828C108219A78100058A76D /* Main.storyboard */ = {
			isa = PBXVariantGroup;
			children = (
				7828C109219A78100058A76D /* Base */,
			);
			name = Main.storyboard;
			sourceTree = "<group>";
		};
		7828C10D219A78110058A76D /* LaunchScreen.storyboard */ = {
			isa = PBXVariantGroup;
			children = (
				7828C10E219A78110058A76D /* Base */,
			);
			name = LaunchScreen.storyboard;
			sourceTree = "<group>";
		};
/* End PBXVariantGroup section */

/* Begin XCBuildConfiguration section */
		7828C113219A78110058A76D /* Debug */ = {
			isa = XCBuildConfiguration;
			buildSettings = {
				ALWAYS_SEARCH_USER_PATHS = NO;
				CLANG_ANALYZER_NONNULL = YES;
				CLANG_ANALYZER_NUMBER_OBJECT_CONVERSION = YES_AGGRESSIVE;
				CLANG_CXX_LANGUAGE_STANDARD = "gnu++14";
				CLANG_CXX_LIBRARY = "libc++";
				CLANG_ENABLE_MODULES = YES;
				CLANG_ENABLE_OBJC_ARC = YES;
				CLANG_ENABLE_OBJC_WEAK = YES;
				CLANG_WARN_BLOCK_CAPTURE_AUTORELEASING = YES;
				CLANG_WARN_BOOL_CONVERSION = YES;
				CLANG_WARN_COMMA = YES;
				CLANG_WARN_CONSTANT_CONVERSION = YES;
				CLANG_WARN_DEPRECATED_OBJC_IMPLEMENTATIONS = YES;
				CLANG_WARN_DIRECT_OBJC_ISA_USAGE = YES_ERROR;
				CLANG_WARN_DOCUMENTATION_COMMENTS = YES;
				CLANG_WARN_EMPTY_BODY = YES;
				CLANG_WARN_ENUM_CONVERSION = YES;
				CLANG_WARN_INFINITE_RECURSION = YES;
				CLANG_WARN_INT_CONVERSION = YES;
				CLANG_WARN_NON_LITERAL_NULL_CONVERSION = YES;
				CLANG_WARN_OBJC_IMPLICIT_RETAIN_SELF = YES;
				CLANG_WARN_OBJC_LITERAL_CONVERSION = YES;
				CLANG_WARN_OBJC_ROOT_CLASS = YES_ERROR;
				CLANG_WARN_RANGE_LOOP_ANALYSIS = YES;
				CLANG_WARN_STRICT_PROTOTYPES = YES;
				CLANG_WARN_SUSPICIOUS_MOVE = YES;
				CLANG_WARN_UNGUARDED_AVAILABILITY = YES_AGGRESSIVE;
				CLANG_WARN_UNREACHABLE_CODE = YES;
				CLANG_WARN__DUPLICATE_METHOD_MATCH = YES;
				CODE_SIGN_IDENTITY = "iPhone Developer";
				COPY_PHASE_STRIP = NO;
				DEBUG_INFORMATION_FORMAT = dwarf;
				ENABLE_STRICT_OBJC_MSGSEND = YES;
				ENABLE_TESTABILITY = YES;
				GCC_C_LANGUAGE_STANDARD = gnu11;
				GCC_DYNAMIC_NO_PIC = NO;
				GCC_NO_COMMON_BLOCKS = YES;
				GCC_OPTIMIZATION_LEVEL = 0;
				GCC_PREPROCESSOR_DEFINITIONS = (
					"DEBUG=1",
					"$(inherited)",
				);
				GCC_WARN_64_TO_32_BIT_CONVERSION = YES;
				GCC_WARN_ABOUT_RETURN_TYPE = YES_ERROR;
				GCC_WARN_UNDECLARED_SELECTOR = YES;
				GCC_WARN_UNINITIALIZED_AUTOS = YES_AGGRESSIVE;
				GCC_WARN_UNUSED_FUNCTION = YES;
				GCC_WARN_UNUSED_VARIABLE = YES;
				IPHONEOS_DEPLOYMENT_TARGET = 11.4;
				MTL_ENABLE_DEBUG_INFO = YES;
				ONLY_ACTIVE_ARCH = YES;
				SDKROOT = iphoneos;
			};
			name = Debug;
		};
		7828C114219A78110058A76D /* Release */ = {
			isa = XCBuildConfiguration;
			buildSettings = {
				ALWAYS_SEARCH_USER_PATHS = NO;
				CLANG_ANALYZER_NONNULL = YES;
				CLANG_ANALYZER_NUMBER_OBJECT_CONVERSION = YES_AGGRESSIVE;
				CLANG_CXX_LANGUAGE_STANDARD = "gnu++14";
				CLANG_CXX_LIBRARY = "libc++";
				CLANG_ENABLE_MODULES = YES;
				CLANG_ENABLE_OBJC_ARC = YES;
				CLANG_ENABLE_OBJC_WEAK = YES;
				CLANG_WARN_BLOCK_CAPTURE_AUTORELEASING = YES;
				CLANG_WARN_BOOL_CONVERSION = YES;
				CLANG_WARN_COMMA = YES;
				CLANG_WARN_CONSTANT_CONVERSION = YES;
				CLANG_WARN_DEPRECATED_OBJC_IMPLEMENTATIONS = YES;
				CLANG_WARN_DIRECT_OBJC_ISA_USAGE = YES_ERROR;
				CLANG_WARN_DOCUMENTATION_COMMENTS = YES;
				CLANG_WARN_EMPTY_BODY = YES;
				CLANG_WARN_ENUM_CONVERSION = YES;
				CLANG_WARN_INFINITE_RECURSION = YES;
				CLANG_WARN_INT_CONVERSION = YES;
				CLANG_WARN_NON_LITERAL_NULL_CONVERSION = YES;
				CLANG_WARN_OBJC_IMPLICIT_RETAIN_SELF = YES;
				CLANG_WARN_OBJC_LITERAL_CONVERSION = YES;
				CLANG_WARN_OBJC_ROOT_CLASS = YES_ERROR;
				CLANG_WARN_RANGE_LOOP_ANALYSIS = YES;
				CLANG_WARN_STRICT_PROTOTYPES = YES;
				CLANG_WARN_SUSPICIOUS_MOVE = YES;
				CLANG_WARN_UNGUARDED_AVAILABILITY = YES_AGGRESSIVE;
				CLANG_WARN_UNREACHABLE_CODE = YES;
				CLANG_WARN__DUPLICATE_METHOD_MATCH = YES;
				CODE_SIGN_IDENTITY = "iPhone Developer";
				COPY_PHASE_STRIP = NO;
				DEBUG_INFORMATION_FORMAT = "dwarf-with-dsym";
				ENABLE_NS_ASSERTIONS = NO;
				ENABLE_STRICT_OBJC_MSGSEND = YES;
				GCC_C_LANGUAGE_STANDARD = gnu11;
				GCC_NO_COMMON_BLOCKS = YES;
				GCC_WARN_64_TO_32_BIT_CONVERSION = YES;
				GCC_WARN_ABOUT_RETURN_TYPE = YES_ERROR;
				GCC_WARN_UNDECLARED_SELECTOR = YES;
				GCC_WARN_UNINITIALIZED_AUTOS = YES_AGGRESSIVE;
				GCC_WARN_UNUSED_FUNCTION = YES;
				GCC_WARN_UNUSED_VARIABLE = YES;
				IPHONEOS_DEPLOYMENT_TARGET = 11.4;
				MTL_ENABLE_DEBUG_INFO = NO;
				SDKROOT = iphoneos;
				VALIDATE_PRODUCT = YES;
			};
			name = Release;
		};
		7828C116219A78110058A76D /* Debug */ = {
			isa = XCBuildConfiguration;
			baseConfigurationReference = 29B4439847BF7BCB4A64E4F6 /* Pods-J-IM-Demo.debug.xcconfig */;
			buildSettings = {
				ASSETCATALOG_COMPILER_APPICON_NAME = AppIcon;
				CODE_SIGN_STYLE = Automatic;
				DEVELOPMENT_TEAM = 9ULCB2J6QA;
				ENABLE_BITCODE = NO;
				INFOPLIST_FILE = "J-IM-Demo/Info.plist";
				IPHONEOS_DEPLOYMENT_TARGET = 9.0;
				LD_RUNPATH_SEARCH_PATHS = (
					"$(inherited)",
					"@executable_path/Frameworks",
				);
				LIBRARY_SEARCH_PATHS = (
					"$(inherited)",
					"$(PROJECT_DIR)/J-IM-Demo/Tools/WAV2AMR",
				);
				PRODUCT_BUNDLE_IDENTIFIER = "cn.1hai.J-IM-Demo";
				PRODUCT_NAME = "$(TARGET_NAME)";
				TARGETED_DEVICE_FAMILY = "1,2";
			};
			name = Debug;
		};
		7828C117219A78110058A76D /* Release */ = {
			isa = XCBuildConfiguration;
			baseConfigurationReference = 164585361FA8676F5ADE23CA /* Pods-J-IM-Demo.release.xcconfig */;
			buildSettings = {
				ASSETCATALOG_COMPILER_APPICON_NAME = AppIcon;
				CODE_SIGN_STYLE = Automatic;
				DEVELOPMENT_TEAM = 9ULCB2J6QA;
				ENABLE_BITCODE = NO;
				INFOPLIST_FILE = "J-IM-Demo/Info.plist";
				IPHONEOS_DEPLOYMENT_TARGET = 9.0;
				LD_RUNPATH_SEARCH_PATHS = (
					"$(inherited)",
					"@executable_path/Frameworks",
				);
				LIBRARY_SEARCH_PATHS = (
					"$(inherited)",
					"$(PROJECT_DIR)/J-IM-Demo/Tools/WAV2AMR",
				);
				PRODUCT_BUNDLE_IDENTIFIER = "cn.1hai.J-IM-Demo";
				PRODUCT_NAME = "$(TARGET_NAME)";
				TARGETED_DEVICE_FAMILY = "1,2";
			};
			name = Release;
		};
/* End XCBuildConfiguration section */

/* Begin XCConfigurationList section */
		7828C0FA219A78100058A76D /* Build configuration list for PBXProject "J-IM-Demo" */ = {
			isa = XCConfigurationList;
			buildConfigurations = (
				7828C113219A78110058A76D /* Debug */,
				7828C114219A78110058A76D /* Release */,
			);
			defaultConfigurationIsVisible = 0;
			defaultConfigurationName = Release;
		};
		7828C115219A78110058A76D /* Build configuration list for PBXNativeTarget "J-IM-Demo" */ = {
			isa = XCConfigurationList;
			buildConfigurations = (
				7828C116219A78110058A76D /* Debug */,
				7828C117219A78110058A76D /* Release */,
			);
			defaultConfigurationIsVisible = 0;
			defaultConfigurationName = Release;
		};
/* End XCConfigurationList section */
	};
	rootObject = 7828C0F7219A78100058A76D /* Project object */;
}
